<?xml version="1.0" encoding="utf-8"?>
<Project ToolsVersion="4.0" xmlns="http://schemas.microsoft.com/developer/msbuild/2003">
  <ItemGroup>
    <Filter Include="Header Files">
      <UniqueIdentifier>{93995380-89BD-4b04-88EB-625FBE52EBFB}</UniqueIdentifier>
      <Extensions>h;hh;hpp;hxx;h++;hm;inl;inc;ipp;xsd</Extensions>
    </Filter>
    <Filter Include="shaders">
      <UniqueIdentifier>{b2ad27d0-00c7-40fd-be9a-64e4e142711b}</UniqueIdentifier>
    </Filter>
    <Filter Include="Script Files">
      <UniqueIdentifier>{bee72af7-d777-41b2-81d8-88517fc71aad}</UniqueIdentifier>
    </Filter>
  </ItemGroup>
  <ItemGroup>
    <ClCompile Include="glad\src\glad.c" />
    <ClCompile Include="scripts\flowControl.cpp">
      <Filter>Script Files</Filter>
    </ClCompile>
    <ClCompile Include="scripts\input.cpp">
      <Filter>Script Files</Filter>
    </ClCompile>
    <ClCompile Include="scripts\programControl.cpp">
      <Filter>Script Files</Filter>
    </ClCompile>
    <ClCompile Include="scripts\Objects.cpp">
      <Filter>Script Files</Filter>
    </ClCompile>
    <ClCompile Include="scripts\main.cpp">
      <Filter>Script Files</Filter>
    </ClCompile>
  </ItemGroup>
  <ItemGroup>
    <None Include="shaders\vertexShader.vert">
      <Filter>shaders</Filter>
    </None>
    <None Include="shaders\fragmentShader.frag">
      <Filter>shaders</Filter>
    </None>
  </ItemGroup>
  <ItemGroup>
    <ClInclude Include="scripts\flowControl.h">
      <Filter>Header Files</Filter>
    </ClInclude>
    <ClInclude Include="scripts\globalVars.h">
      <Filter>Header Files</Filter>
    </ClInclude>
    <ClInclude Include="scripts\input.h">
      <Filter>Header Files</Filter>
    </ClInclude>
    <ClInclude Include="scripts\IntializeShader.h">
      <Filter>Header Files</Filter>
    </ClInclude>
    <ClInclude Include="scripts\MathConstants.h">
      <Filter>Header Files</Filter>
    </ClInclude>
    <ClInclude Include="scripts\OpenGL.h">
      <Filter>Header Files</Filter>
    </ClInclude>
    <ClInclude Include="scripts\programControl.h">
      <Filter>Header Files</Filter>
    </ClInclude>
    <ClInclude Include="scripts\Shapes.h">
      <Filter>Header Files</Filter>
    </ClInclude>
    <ClInclude Include="scripts\typeDefs.h">
      <Filter>Header Files</Filter>
    </ClInclude>
    <ClInclude Include="scripts\Objects.h">
      <Filter>Header Files</Filter>
    </ClInclude>
    <ClInclude Include="scripts\Vector.h">
      <Filter>Header Files</Filter>
    </ClInclude>
    <ClInclude Include="scripts\Constants.h">
      <Filter>Header Files</Filter>
    </ClInclude>
    <ClInclude Include="scripts\objScripts.h">
      <Filter>Header Files</Filter>
    </ClInclude>
  </ItemGroup>
</Project>